<?xml version="1.0" encoding="utf-8"?>
<Project ToolsVersion="4.0" xmlns="http://schemas.microsoft.com/developer/msbuild/2003">
  <ItemGroup>
    <Filter Include="Source Files">
      <UniqueIdentifier>{4FC737F1-C7A5-4376-A066-2A32D752A2FF}</UniqueIdentifier>
      <Extensions>cpp;c;cc;cxx;c++;cppm;ixx;def;odl;idl;hpj;bat;asm;asmx</Extensions>
    </Filter>
    <Filter Include="Header Files">
      <UniqueIdentifier>{93995380-89BD-4b04-88EB-625FBE52EBFB}</UniqueIdentifier>
      <Extensions>h;hh;hpp;hxx;h++;hm;inl;inc;ipp;xsd</Extensions>
    </Filter>
    <Filter Include="Resource Files">
      <UniqueIdentifier>{67DA6AB6-F800-4c08-8B7A-83BB121AAD01}</UniqueIdentifier>
      <Extensions>rc;ico;cur;bmp;dlg;rc2;rct;bin;rgs;gif;jpg;jpeg;jpe;resx;tiff;tif;png;wav;mfcribbon-ms</Extensions>
    </Filter>
    <Filter Include="GestioGrups">
      <UniqueIdentifier>{a061f71d-f392-4bcc-887e-dbe79e969f53}</UniqueIdentifier>
    </Filter>
    <Filter Include="GestioGrups\Tx">
      <UniqueIdentifier>{6c1f8d11-c53d-487e-97ec-6971b544f99d}</UniqueIdentifier>
    </Filter>
    <Filter Include="GestioGrups\Presentacio">
      <UniqueIdentifier>{53d4c2bf-9a92-4370-9191-aa6adc1c269b}</UniqueIdentifier>
    </Filter>
    <Filter Include="GestioGrups\PasarellaCercadora">
      <UniqueIdentifier>{2bd7e96e-afcf-4fbc-b511-53c5014bdedb}</UniqueIdentifier>
    </Filter>
    <Filter Include="GestioUsuaris">
      <UniqueIdentifier>{c7ec3133-ff2c-4ee4-9d90-c15a80497729}</UniqueIdentifier>
    </Filter>
    <Filter Include="GestioUsuaris\PassarellesCercadores">
      <UniqueIdentifier>{5822e92b-359a-4ab3-8a6d-c0f45129bf48}</UniqueIdentifier>
    </Filter>
    <Filter Include="GestioUsuaris\Tx">
      <UniqueIdentifier>{284e4326-5ed5-4268-93b3-d05c752b7e66}</UniqueIdentifier>
    </Filter>
    <Filter Include="Menus">
      <UniqueIdentifier>{9387af62-3271-41b9-9106-009077455988}</UniqueIdentifier>
    </Filter>
    <Filter Include="Sistema">
      <UniqueIdentifier>{8a770bb5-fa76-4a71-8f25-8cd49fc6d6c2}</UniqueIdentifier>
    </Filter>
    <Filter Include="GestioEstudiants">
      <UniqueIdentifier>{e7af1986-cacd-4247-99c2-4e1b6de00956}</UniqueIdentifier>
    </Filter>
    <Filter Include="GestioEstudiants\Tx">
      <UniqueIdentifier>{b7fad359-ee12-4152-9a19-21e638f78782}</UniqueIdentifier>
    </Filter>
    <Filter Include="GestioEstudiants\Presentacio">
      <UniqueIdentifier>{a769ea4a-2189-4a28-b2dd-ed254049c648}</UniqueIdentifier>
    </Filter>
    <Filter Include="GestioEstudiants\PassarellaCercadora">
      <UniqueIdentifier>{24c6568f-e523-431c-a276-58b10de0f45e}</UniqueIdentifier>
    </Filter>
    <Filter Include="GestioAdmin">
      <UniqueIdentifier>{6c25b5b7-cfba-48d4-b2ab-a1c1009fb043}</UniqueIdentifier>
    </Filter>
    <Filter Include="GestioAdmin\PassarellaCercadora">
      <UniqueIdentifier>{6576f1a7-0ef0-470a-b51d-db0046717cd0}</UniqueIdentifier>
    </Filter>
    <Filter Include="GestioAdmin\Presentacio">
      <UniqueIdentifier>{975ebf46-9108-4cfd-8f9a-b4a3db976da6}</UniqueIdentifier>
    </Filter>
    <Filter Include="GestioAdmin\Tx">
      <UniqueIdentifier>{cd9b006d-3b0e-4fe9-8d44-944e92fe05c4}</UniqueIdentifier>
    </Filter>
    <Filter Include="GestioEspai">
      <UniqueIdentifier>{1d59c509-cc61-4ed7-9343-08bcbf281dd6}</UniqueIdentifier>
    </Filter>
    <Filter Include="GestioEspai\PassarellaCercadora">
      <UniqueIdentifier>{6b2961bd-d678-48c2-a13a-2a4aab83f471}</UniqueIdentifier>
    </Filter>
    <Filter Include="GestioEspai\Presentacio">
      <UniqueIdentifier>{386b4f34-0d75-4297-8da1-3dadfbea7449}</UniqueIdentifier>
    </Filter>
    <Filter Include="GestioEspai\Tx">
      <UniqueIdentifier>{1cd65106-9c8d-43b2-8d91-cef21b3e8946}</UniqueIdentifier>
    </Filter>
    <Filter Include="GestioSessio">
      <UniqueIdentifier>{f4628b33-d7d3-4f68-b5ad-5a64a1a610a1}</UniqueIdentifier>
    </Filter>
    <Filter Include="GestioSessio\Presentacio">
      <UniqueIdentifier>{57df4255-0485-4a7b-afd1-a12178b9eaa0}</UniqueIdentifier>
    </Filter>
    <Filter Include="GestioSessio\Tx">
      <UniqueIdentifier>{026e4049-8fd6-4c84-b3f1-c524f10cbaf3}</UniqueIdentifier>
    </Filter>
    <Filter Include="GestioSessio\PassarellaCercadora">
      <UniqueIdentifier>{3d720df3-9414-451e-bcc7-441d126b1c9d}</UniqueIdentifier>
    </Filter>
    <Filter Include="GestioProveidor">
      <UniqueIdentifier>{4f7b2a9c-b882-4c25-8707-f173af9a0908}</UniqueIdentifier>
    </Filter>
    <Filter Include="GestioProveidor\PassarellaCercadora">
      <UniqueIdentifier>{be3515ea-6071-4d6a-a8f2-8275c1615d2a}</UniqueIdentifier>
    </Filter>
    <Filter Include="GestioProveidor\Presentacio">
      <UniqueIdentifier>{1dae7e2a-6047-4011-9014-849c73275cca}</UniqueIdentifier>
    </Filter>
    <Filter Include="GestioProveidor\Tx">
      <UniqueIdentifier>{d9ad9ac1-141c-416b-92cc-97f4448258be}</UniqueIdentifier>
    </Filter>
    <Filter Include="GestioUsuaris\Presentacio">
      <UniqueIdentifier>{f078b4a6-c306-45ef-8fd8-9eeab1ef3a4c}</UniqueIdentifier>
    </Filter>
  </ItemGroup>
  <ItemGroup>
    <ResourceCompile Include="app.rc">
      <Filter>Resource Files</Filter>
    </ResourceCompile>
  </ItemGroup>
  <ItemGroup>
    <ClInclude Include="Resource.h">
      <Filter>Header Files</Filter>
    </ClInclude>
    <ClInclude Include="CercadoraEstudiant.h">
      <Filter>GestioEstudiants\PassarellaCercadora</Filter>
    </ClInclude>
    <ClInclude Include="CrearEstudiant.h">
      <Filter>GestioEstudiants\Presentacio</Filter>
    </ClInclude>
    <ClInclude Include="ConsultarEstudiantUI.h">
      <Filter>GestioEstudiants\Presentacio</Filter>
    </ClInclude>
    <ClInclude Include="EditarEstudiant.h">
      <Filter>GestioEstudiants\Presentacio</Filter>
    </ClInclude>
    <ClInclude Include="EliminarPerfilEstudiantUI.h">
      <Filter>GestioEstudiants\Presentacio</Filter>
    </ClInclude>
    <ClInclude Include="TxConsultarEstudiant.h">
      <Filter>GestioEstudiants\Tx</Filter>
    </ClInclude>
    <ClInclude Include="TxCreaEstudiant.h">
      <Filter>GestioEstudiants\Tx</Filter>
    </ClInclude>
    <ClInclude Include="TxEditarEstudiant.h">
      <Filter>GestioEstudiants\Tx</Filter>
    </ClInclude>
    <ClInclude Include="PassarellaEstudiant.h">
      <Filter>GestioEstudiants\PassarellaCercadora</Filter>
    </ClInclude>
    <ClInclude Include="CercadoraGrup.h">
      <Filter>GestioGrups\PasarellaCercadora</Filter>
    </ClInclude>
    <ClInclude Include="PassarellaGrup.h">
      <Filter>GestioGrups\PasarellaCercadora</Filter>
    </ClInclude>
    <ClInclude Include="ConsultarGrup.h">
      <Filter>GestioGrups\Presentacio</Filter>
    </ClInclude>
    <ClInclude Include="EliminarGrupEstudi.h">
      <Filter>GestioGrups\Presentacio</Filter>
    </ClInclude>
    <ClInclude Include="EditarGrup.h">
      <Filter>GestioGrups\Presentacio</Filter>
    </ClInclude>
    <ClInclude Include="TxConsultarGrup.h">
      <Filter>GestioGrups\Tx</Filter>
    </ClInclude>
    <ClInclude Include="TxCrearNouGrupEstudi.h">
      <Filter>GestioGrups\Tx</Filter>
    </ClInclude>
    <ClInclude Include="TxEditarGrup.h">
      <Filter>GestioGrups\Tx</Filter>
    </ClInclude>
    <ClInclude Include="TxEliminarGrup.h">
      <Filter>GestioGrups\Tx</Filter>
    </ClInclude>
    <ClInclude Include="TxIniciarSessio.h">
      <Filter>GestioUsuaris\Tx</Filter>
    </ClInclude>
    <ClInclude Include="TxTancarSessio.h">
      <Filter>GestioUsuaris\Tx</Filter>
    </ClInclude>
    <ClInclude Include="TxEsborraUsuari.h">
      <Filter>GestioUsuaris\Tx</Filter>
    </ClInclude>
    <ClInclude Include="CrearNouGrupEstudi.h">
      <Filter>GestioGrups\Presentacio</Filter>
    </ClInclude>
    <ClInclude Include="CercadoraUsuari.h">
      <Filter>GestioUsuaris\PassarellesCercadores</Filter>
    </ClInclude>
    <ClInclude Include="PassarellaUsuari.h">
      <Filter>GestioUsuaris\PassarellesCercadores</Filter>
    </ClInclude>
    <ClInclude Include="IniciSessio.h">
      <Filter>GestioUsuaris\Presentacio</Filter>
    </ClInclude>
    <ClInclude Include="TancarSessio.h">
      <Filter>GestioUsuaris\Presentacio</Filter>
    </ClInclude>
    <ClInclude Include="MenuEstudiant.h">
      <Filter>Menus</Filter>
    </ClInclude>
    <ClInclude Include="MenuGestioEstudiant.h">
      <Filter>Menus</Filter>
    </ClInclude>
    <ClInclude Include="MenuGestioGrups.h">
      <Filter>Menus</Filter>
    </ClInclude>
    <ClInclude Include="MenuPrincipal.h">
      <Filter>Menus</Filter>
    </ClInclude>
    <ClInclude Include="pch.h">
      <Filter>Sistema</Filter>
    </ClInclude>
    <ClInclude Include="Sistema.h">
      <Filter>Sistema</Filter>
    </ClInclude>
    <ClInclude Include="PassarellaPertany.h">
      <Filter>GestioGrups\PasarellaCercadora</Filter>
    </ClInclude>
    <ClInclude Include="CercadoraPertany.h">
      <Filter>GestioGrups\PasarellaCercadora</Filter>
    </ClInclude>
    <ClInclude Include="CercadoraAdmin.h">
      <Filter>GestioAdmin\PassarellaCercadora</Filter>
    </ClInclude>
    <ClInclude Include="PassarellaAdmin.h">
      <Filter>GestioAdmin\PassarellaCercadora</Filter>
    </ClInclude>
    <ClInclude Include="CercadoraEspai.h">
      <Filter>GestioEspai\PassarellaCercadora</Filter>
    </ClInclude>
    <ClInclude Include="PassarellaEspai.h">
      <Filter>GestioEspai\PassarellaCercadora</Filter>
    </ClInclude>
    <ClInclude Include="CercadoraSessio.h">
      <Filter>GestioSessio\PassarellaCercadora</Filter>
    </ClInclude>
    <ClInclude Include="CercadoraParticipa.h">
      <Filter>GestioSessio\PassarellaCercadora</Filter>
    </ClInclude>
    <ClInclude Include="PassarellaParticipa.h">
      <Filter>GestioSessio\PassarellaCercadora</Filter>
    </ClInclude>
    <ClInclude Include="PassarellaSessio.h">
      <Filter>GestioSessio\PassarellaCercadora</Filter>
    </ClInclude>
    <ClInclude Include="CercadoraProveidor.h">
      <Filter>GestioProveidor\PassarellaCercadora</Filter>
    </ClInclude>
    <ClInclude Include="PassarellaProveidor.h">
      <Filter>GestioProveidor\PassarellaCercadora</Filter>
    </ClInclude>
    <ClInclude Include="IniciarSessio.h">
      <Filter>Menus</Filter>
    </ClInclude>
    <ClInclude Include="MenuAdministrador.h">
      <Filter>Menus</Filter>
    </ClInclude>
    <ClInclude Include="MenuProvedor.h">
      <Filter>Menus</Filter>
    </ClInclude>
    <ClInclude Include="TxConsultarProveidor.h">
      <Filter>GestioProveidor\Tx</Filter>
    </ClInclude>
    <ClInclude Include="ConsultarProveidorUI.h">
      <Filter>GestioProveidor\Presentacio</Filter>
    </ClInclude>
    <ClInclude Include="MenuGestioProveidor.h">
      <Filter>Menus</Filter>
    </ClInclude>
    <ClInclude Include="TxEditarProveidor.h">
      <Filter>GestioProveidor\Tx</Filter>
    </ClInclude>
    <ClInclude Include="EditarProveidorUI.h">
      <Filter>GestioProveidor\Presentacio</Filter>
    </ClInclude>
    <ClInclude Include="TxParticipacioSessio.h">
      <Filter>GestioSessio\Tx</Filter>
    </ClInclude>
    <ClInclude Include="ParticipacioSessio.h">
      <Filter>GestioSessio\Presentacio</Filter>
    </ClInclude>
    <ClInclude Include="TxEliminarEspai.h">
      <Filter>GestioEspai\Tx</Filter>
    </ClInclude>
    <ClInclude Include="EsborrarProveidorUI.h">
      <Filter>GestioProveidor\Presentacio</Filter>
    </ClInclude>
    <ClInclude Include="MenuGestioProveidorAdmin.h">
      <Filter>Menus</Filter>
    </ClInclude>
    <ClInclude Include="TxEsborrarProveidor.h">
      <Filter>GestioProveidor\Tx</Filter>
    </ClInclude>
    <ClInclude Include="CrearProveidorUI.h">
      <Filter>GestioProveidor\Presentacio</Filter>
    </ClInclude>
    <ClInclude Include="TxCrearProveidor.h">
      <Filter>GestioProveidor\Tx</Filter>
    </ClInclude>
    <ClInclude Include="MenuSessionsUI.h">
      <Filter>Menus</Filter>
    </ClInclude>
    <ClInclude Include="MenuGestioEspais.h">
      <Filter>Menus</Filter>
    </ClInclude>
    <ClInclude Include="CrearEspaiUI.h">
      <Filter>GestioEspai\Presentacio</Filter>
    </ClInclude>
    <ClInclude Include="TxCreaEspai.h">
      <Filter>GestioEspai\Tx</Filter>
    </ClInclude>
    <ClInclude Include="ConsultarEspaiUI.h">
      <Filter>GestioEspai\Presentacio</Filter>
    </ClInclude>
    <ClInclude Include="TxConsultaEspai.h">
      <Filter>GestioEspai\Tx</Filter>
    </ClInclude>
    <ClInclude Include="EditarEspaiUI.h">
      <Filter>GestioEspai\Presentacio</Filter>
    </ClInclude>
    <ClInclude Include="TxEditarEspai.h">
      <Filter>GestioEspai\Tx</Filter>
    </ClInclude>
    <ClInclude Include="TxEsborrarSessio.h">
      <Filter>GestioSessio\Tx</Filter>
    </ClInclude>
    <ClInclude Include="EliminarEspai.h">
      <Filter>GestioEspai\Presentacio</Filter>
    </ClInclude>
    <ClInclude Include="EsborrarProveidorUI.h">
      <Filter>GestioProveidor\Presentacio</Filter>
    </ClInclude>
    <ClInclude Include="MenuGestioProveidorAdmin.h">
      <Filter>Menus</Filter>
    </ClInclude>
    <ClInclude Include="TxEsborrarProveidor.h">
      <Filter>GestioProveidor\Tx</Filter>
    </ClInclude>
    <ClInclude Include="CrearProveidorUI.h">
      <Filter>GestioProveidor\Presentacio</Filter>
    </ClInclude>
    <ClInclude Include="TxCrearProveidor.h">
      <Filter>GestioProveidor\Tx</Filter>
    </ClInclude>
  </ItemGroup>
  <ItemGroup>
    <ClCompile Include="CppCLR_WinFormsProject.cpp">
      <Filter>Source Files</Filter>
    </ClCompile>
    <ClCompile Include="AssemblyInfo.cpp">
      <Filter>Source Files</Filter>
    </ClCompile>
    <ClCompile Include="CrearEstudiant.cpp">
      <Filter>GestioEstudiants\Presentacio</Filter>
    </ClCompile>
    <ClCompile Include="ConsultarEstudiantUI.cpp">
      <Filter>GestioEstudiants\Presentacio</Filter>
    </ClCompile>
    <ClCompile Include="EditarEstudiant.cpp">
      <Filter>GestioEstudiants\Presentacio</Filter>
    </ClCompile>
    <ClCompile Include="EliminarPerfilEstudiantUI.cpp">
      <Filter>GestioEstudiants\Presentacio</Filter>
    </ClCompile>
    <ClCompile Include="CercadoraEstudiant.cpp">
      <Filter>GestioEstudiants\PassarellaCercadora</Filter>
    </ClCompile>
    <ClCompile Include="TxConsultarEstudiant.cpp">
      <Filter>GestioEstudiants\Tx</Filter>
    </ClCompile>
    <ClCompile Include="TxCreaEstudiant.cpp">
      <Filter>GestioEstudiants\Tx</Filter>
    </ClCompile>
    <ClCompile Include="TxEditarEstudiant.cpp">
      <Filter>GestioEstudiants\Tx</Filter>
    </ClCompile>
    <ClCompile Include="CercadoraGrup.cpp">
      <Filter>GestioGrups\PasarellaCercadora</Filter>
    </ClCompile>
    <ClCompile Include="PassarellaGrup.cpp">
      <Filter>GestioGrups\PasarellaCercadora</Filter>
    </ClCompile>
    <ClCompile Include="ConsultarGrup.cpp">
      <Filter>GestioGrups\Presentacio</Filter>
    </ClCompile>
    <ClCompile Include="EditarGrup.cpp">
      <Filter>GestioGrups\Presentacio</Filter>
    </ClCompile>
    <ClCompile Include="CrearNouGrupEstudi.cpp">
      <Filter>GestioGrups\Presentacio</Filter>
    </ClCompile>
    <ClCompile Include="EliminarGrupEstudi.cpp">
      <Filter>GestioGrups\Presentacio</Filter>
    </ClCompile>
    <ClCompile Include="TxCrearNouGrupEstudi.cpp">
      <Filter>GestioGrups\Tx</Filter>
    </ClCompile>
    <ClCompile Include="TxEditarGrup.cpp">
      <Filter>GestioGrups\Tx</Filter>
    </ClCompile>
    <ClCompile Include="TxEliminarGrup.cpp">
      <Filter>GestioGrups\Tx</Filter>
    </ClCompile>
    <ClCompile Include="TxConsultarGrup.cpp">
      <Filter>GestioGrups\Tx</Filter>
    </ClCompile>
    <ClCompile Include="TxIniciarSessio.cpp">
      <Filter>GestioUsuaris\Tx</Filter>
    </ClCompile>
    <ClCompile Include="TxTancarSessio.cpp">
      <Filter>GestioUsuaris\Tx</Filter>
    </ClCompile>
    <ClCompile Include="TxEsborraUsuari.cpp">
      <Filter>GestioUsuaris\Tx</Filter>
    </ClCompile>
    <ClCompile Include="CercadoraUsuari.cpp">
      <Filter>GestioUsuaris\PassarellesCercadores</Filter>
    </ClCompile>
    <ClCompile Include="PassarellaUsuari.cpp">
      <Filter>GestioUsuaris\PassarellesCercadores</Filter>
    </ClCompile>
    <ClCompile Include="PassarellaEstudiant.cpp">
      <Filter>GestioEstudiants\PassarellaCercadora</Filter>
    </ClCompile>
    <ClCompile Include="MenuEstudiant.cpp">
      <Filter>Menus</Filter>
    </ClCompile>
    <ClCompile Include="MenuGestioEstudiant.cpp">
      <Filter>Menus</Filter>
    </ClCompile>
    <ClCompile Include="MenuGestioGrups.cpp">
      <Filter>Menus</Filter>
    </ClCompile>
    <ClCompile Include="MenuPrincipal.cpp">
      <Filter>Menus</Filter>
    </ClCompile>
    <ClCompile Include="IniciSessio.cpp">
      <Filter>GestioUsuaris\Presentacio</Filter>
    </ClCompile>
    <ClCompile Include="TancarSessio.cpp">
      <Filter>GestioUsuaris\Presentacio</Filter>
    </ClCompile>
    <ClCompile Include="Sistema.cpp">
      <Filter>Sistema</Filter>
    </ClCompile>
    <ClCompile Include="pch.cpp">
      <Filter>Sistema</Filter>
    </ClCompile>
    <ClCompile Include="PassarellaPertany.cpp">
      <Filter>GestioGrups\PasarellaCercadora</Filter>
    </ClCompile>
    <ClCompile Include="CercadoraPertany.cpp">
      <Filter>GestioGrups\PasarellaCercadora</Filter>
    </ClCompile>
    <ClCompile Include="CercadoraAdmin.cpp">
      <Filter>GestioAdmin\PassarellaCercadora</Filter>
    </ClCompile>
    <ClCompile Include="PassarellaAdmin.cpp">
      <Filter>GestioAdmin\PassarellaCercadora</Filter>
    </ClCompile>
    <ClCompile Include="CercadoraEspai.cpp">
      <Filter>GestioEspai\PassarellaCercadora</Filter>
    </ClCompile>
    <ClCompile Include="PassarellaEspai.cpp">
      <Filter>GestioEspai\PassarellaCercadora</Filter>
    </ClCompile>
    <ClCompile Include="CercadoraParticipa.cpp">
      <Filter>GestioSessio\PassarellaCercadora</Filter>
    </ClCompile>
    <ClCompile Include="CercadoraSessio.cpp">
      <Filter>GestioSessio\PassarellaCercadora</Filter>
    </ClCompile>
    <ClCompile Include="PassarellaParticipa.cpp">
      <Filter>GestioSessio\PassarellaCercadora</Filter>
    </ClCompile>
    <ClCompile Include="PassarellaSessio.cpp">
      <Filter>GestioSessio\PassarellaCercadora</Filter>
    </ClCompile>
    <ClCompile Include="CercadoraProveidor.cpp">
      <Filter>GestioProveidor\PassarellaCercadora</Filter>
    </ClCompile>
    <ClCompile Include="PassarellaProveidor.cpp">
      <Filter>GestioProveidor\PassarellaCercadora</Filter>
    </ClCompile>
    <ClCompile Include="IniciarSessio.cpp">
      <Filter>Menus</Filter>
    </ClCompile>
    <ClCompile Include="MenuAdministrador.cpp">
      <Filter>Menus</Filter>
    </ClCompile>
    <ClCompile Include="MenuProvedor.cpp">
      <Filter>Menus</Filter>
    </ClCompile>
    <ClCompile Include="TxConsultarProveidor.cpp">
      <Filter>GestioProveidor\Tx</Filter>
    </ClCompile>
    <ClCompile Include="ConsultarProveidorUI.cpp">
      <Filter>GestioProveidor\Presentacio</Filter>
    </ClCompile>
    <ClCompile Include="MenuGestioProveidor.cpp">
      <Filter>Menus</Filter>
    </ClCompile>
    <ClCompile Include="TxEditarProveidor.cpp">
      <Filter>GestioProveidor\Tx</Filter>
    </ClCompile>
    <ClCompile Include="EditarProveidorUI.cpp">
      <Filter>GestioProveidor\Presentacio</Filter>
    </ClCompile>
    <ClCompile Include="TxParticipacioSessio.cpp">
      <Filter>GestioSessio\Tx</Filter>
    </ClCompile>
    <ClCompile Include="ParticipacioSessio.cpp">
      <Filter>GestioSessio\Presentacio</Filter>
    </ClCompile>
    <ClCompile Include="TxEliminarEspai.cpp">
      <Filter>GestioEspai\Tx</Filter>
    </ClCompile>
    <ClCompile Include="EliminarEspai.cpp">
      <Filter>GestioEspai\Presentacio</Filter>
    </ClCompile>
    <ClCompile Include="EsborrarProveidorUI.cpp">
      <Filter>GestioProveidor\Presentacio</Filter>
    </ClCompile>
    <ClCompile Include="MenuGestioProveidorAdmin.cpp">
      <Filter>Menus</Filter>
    </ClCompile>
    <ClCompile Include="TxEsborrarProveidor.cpp">
      <Filter>GestioProveidor\Tx</Filter>
    </ClCompile>
    <ClCompile Include="CrearProveidorUI.cpp">
      <Filter>GestioProveidor\Presentacio</Filter>
    </ClCompile>
    <ClCompile Include="TxCrearProveidor.cpp">
      <Filter>GestioProveidor\Tx</Filter>
    </ClCompile>
    <ClCompile Include="MenuSessionsUI.cpp">
      <Filter>Menus</Filter>
    </ClCompile>
    <ClCompile Include="MenuGestioEspais.cpp">
      <Filter>Menus</Filter>
    </ClCompile>
    <ClCompile Include="CrearEspaiUI.cpp">
      <Filter>GestioEspai\Presentacio</Filter>
    </ClCompile>
    <ClCompile Include="TxCreaEspai.cpp">
      <Filter>GestioEspai\Tx</Filter>
    </ClCompile>
    <ClCompile Include="ConsultarEspaiUI.cpp">
      <Filter>GestioEspai\Presentacio</Filter>
    </ClCompile>
    <ClCompile Include="TxConsultaEspai.cpp">
      <Filter>GestioEspai\Tx</Filter>
    </ClCompile>
    <ClCompile Include="EditarEspaiUI.cpp">
      <Filter>GestioEspai\Presentacio</Filter>
    </ClCompile>
    <ClCompile Include="TxEditarEspai.cpp">
      <Filter>GestioEspai\Tx</Filter>
    </ClCompile>
    <ClCompile Include="TxEsborrarSessio.cpp">
      <Filter>GestioSessio\Tx</Filter>
    </ClCompile>
    <ClCompile Include="TxCrearProveidor.cpp">
      <Filter>GestioProveidor\Tx</Filter>
    </ClCompile>
  </ItemGroup>
  <ItemGroup>
    <Image Include="app.ico">
      <Filter>Resource Files</Filter>
    </Image>
  </ItemGroup>
  <ItemGroup>
    <None Include="README.md" />
  </ItemGroup>
</Project>
